
Microsoft Visual Studio Solution File, Format Version 12.00
# Visual Studio Version 17
VisualStudioVersion = 17.7.34031.279
MinimumVisualStudioVersion = 10.0.40219.1
Project("{9A19103F-16F7-4668-BE54-9A1E7A4F7556}") = "MO_EDU", "MO_EDU\MO_EDU.csproj", "{84D2FC5D-EC69-41C1-BDDF-DF011B395B5E}"
EndProject
Global
	GlobalSection(SolutionConfigurationPlatforms) = preSolution
		Debug|Any CPU = Debug|Any CPU
		Release|Any CPU = Release|Any CPU
	EndGlobalSection
	GlobalSection(ProjectConfigurationPlatforms) = postSolution
		{84D2FC5D-EC69-41C1-BDDF-DF011B395B5E}.Debug|Any CPU.ActiveCfg = Debug|Any CPU
		{84D2FC5D-EC69-41C1-BDDF-DF011B395B5E}.Debug|Any CPU.Build.0 = Debug|Any CPU
		{84D2FC5D-EC69-41C1-BDDF-DF011B395B5E}.Release|Any CPU.ActiveCfg = Release|Any CPU
		{84D2FC5D-EC69-41C1-BDDF-DF011B395B5E}.Release|Any CPU.Build.0 = Release|Any CPU
	EndGlobalSection
	GlobalSection(SolutionProperties) = preSolution
		HideSolutionNode = FALSE
	EndGlobalSection
	GlobalSection(ExtensibilityGlobals) = postSolution
		SolutionGuid = {DE33252B-57C6-4001-B39C-6DD577D57FF5}
	EndGlobalSection
EndGlobal
